
Microsoft Visual Studio Solution File, Format Version 12.00
# Visual Studio Version 17
VisualStudioVersion = 17.9.34622.214
MinimumVisualStudioVersion = 10.0.40219.1
Project("{FAE04EC0-301F-11D3-BF4B-00C04F79EFBC}") = "aula7", "aula7\aula7.csproj", "{F63E0047-D3FA-4D97-8E9D-F9392866D731}"
EndProject
Global
	GlobalSection(SolutionConfigurationPlatforms) = preSolution
		Debug|Any CPU = Debug|Any CPU
		Release|Any CPU = Release|Any CPU
	EndGlobalSection
	GlobalSection(ProjectConfigurationPlatforms) = postSolution
		{F63E0047-D3FA-4D97-8E9D-F9392866D731}.Debug|Any CPU.ActiveCfg = Debug|Any CPU
		{F63E0047-D3FA-4D97-8E9D-F9392866D731}.Debug|Any CPU.Build.0 = Debug|Any CPU
		{F63E0047-D3FA-4D97-8E9D-F9392866D731}.Release|Any CPU.ActiveCfg = Release|Any CPU
		{F63E0047-D3FA-4D97-8E9D-F9392866D731}.Release|Any CPU.Build.0 = Release|Any CPU
	EndGlobalSection
	GlobalSection(SolutionProperties) = preSolution
		HideSolutionNode = FALSE
	EndGlobalSection
	GlobalSection(ExtensibilityGlobals) = postSolution
		SolutionGuid = {87EB3D37-A3E2-4537-9276-1130496B02B9}
	EndGlobalSection
EndGlobal
