
Microsoft Visual Studio Solution File, Format Version 12.00
# Visual Studio Version 17
VisualStudioVersion = 17.9.34622.214
MinimumVisualStudioVersion = 10.0.40219.1
Project("{FAE04EC0-301F-11D3-BF4B-00C04F79EFBC}") = "FT1_exe4.1", "FT1_exe4.1\FT1_exe4.1.csproj", "{A7BF2ACB-B580-4742-BD0A-E0D6FEB56868}"
EndProject
Global
	GlobalSection(SolutionConfigurationPlatforms) = preSolution
		Debug|Any CPU = Debug|Any CPU
		Release|Any CPU = Release|Any CPU
	EndGlobalSection
	GlobalSection(ProjectConfigurationPlatforms) = postSolution
		{A7BF2ACB-B580-4742-BD0A-E0D6FEB56868}.Debug|Any CPU.ActiveCfg = Debug|Any CPU
		{A7BF2ACB-B580-4742-BD0A-E0D6FEB56868}.Debug|Any CPU.Build.0 = Debug|Any CPU
		{A7BF2ACB-B580-4742-BD0A-E0D6FEB56868}.Release|Any CPU.ActiveCfg = Release|Any CPU
		{A7BF2ACB-B580-4742-BD0A-E0D6FEB56868}.Release|Any CPU.Build.0 = Release|Any CPU
	EndGlobalSection
	GlobalSection(SolutionProperties) = preSolution
		HideSolutionNode = FALSE
	EndGlobalSection
	GlobalSection(ExtensibilityGlobals) = postSolution
		SolutionGuid = {01E01E77-8DDD-44AB-A763-B71E6E9DE6A6}
	EndGlobalSection
EndGlobal
