
Microsoft Visual Studio Solution File, Format Version 12.00
# Visual Studio Version 17
VisualStudioVersion = 17.9.34622.214
MinimumVisualStudioVersion = 10.0.40219.1
Project("{FAE04EC0-301F-11D3-BF4B-00C04F79EFBC}") = "aula5", "aula5\aula5.csproj", "{FE6BC889-9C05-4D49-ABAD-93CD690E8F97}"
EndProject
Global
	GlobalSection(SolutionConfigurationPlatforms) = preSolution
		Debug|Any CPU = Debug|Any CPU
		Release|Any CPU = Release|Any CPU
	EndGlobalSection
	GlobalSection(ProjectConfigurationPlatforms) = postSolution
		{FE6BC889-9C05-4D49-ABAD-93CD690E8F97}.Debug|Any CPU.ActiveCfg = Debug|Any CPU
		{FE6BC889-9C05-4D49-ABAD-93CD690E8F97}.Debug|Any CPU.Build.0 = Debug|Any CPU
		{FE6BC889-9C05-4D49-ABAD-93CD690E8F97}.Release|Any CPU.ActiveCfg = Release|Any CPU
		{FE6BC889-9C05-4D49-ABAD-93CD690E8F97}.Release|Any CPU.Build.0 = Release|Any CPU
	EndGlobalSection
	GlobalSection(SolutionProperties) = preSolution
		HideSolutionNode = FALSE
	EndGlobalSection
	GlobalSection(ExtensibilityGlobals) = postSolution
		SolutionGuid = {C5287A54-ECE0-4AAF-BBBA-F9EF9418AD74}
	EndGlobalSection
EndGlobal
